# THIS IS AN AUTOGENERATED FILE. DO NOT EDIT THIS FILE DIRECTLY.
# yarn lockfile v1


flexbox@^0.0.3:
  version "0.0.3"
  resolved "https://registry.yarnpkg.com/flexbox/-/flexbox-0.0.3.tgz#b4d03395734a19dba566ba02752c95b603c44cf7"

jquery@^3.2.1:
  version "3.2.1"
  resolved "https://registry.yarnpkg.com/jquery/-/jquery-3.2.1.tgz#5c4d9de652af6cd0a770154a631bba12b015c787"

normalizer@^1.2.7:
  version "1.2.7"
  resolved "https://registry.yarnpkg.com/normalizer/-/normalizer-1.2.7.tgz#ec139ecb07e0648837e9ce9668df44e5a0d13e89"

sass@^0.5.0:
  version "0.5.0"
  resolved "https://registry.yarnpkg.com/sass/-/sass-0.5.0.tgz#9dee1183a0f400361f2c5d3453bf2e54705e03f9"
